{
  "name": "examportal",
  "lockfileVersion": 3,
  "requires": true,
  "packages": {
    "": {
      "dependencies": {
        "bootstrap-grid-only-css": "^4.1.3"
      }
    },
    "node_modules/bootstrap-grid-only-css": {
      "version": "4.1.3",
      "resolved": "https://registry.npmjs.org/bootstrap-grid-only-css/-/bootstrap-grid-only-css-4.1.3.tgz",
      "integrity": "sha512-rUu4Xk6BYmsmXY6Y32+UN2+G3z9oKrx7xWYS7s7IdEnKlh2BSxlyY6TMujJOJtIKwLgO655j9ndbpH2lKz5TDA=="
    }
  }
}
